
Microsoft Visual Studio Solution File, Format Version 12.00
# Visual Studio Version 17
VisualStudioVersion = 17.14.36414.22 d17.14
MinimumVisualStudioVersion = 10.0.40219.1
Project("{FAE04EC0-301F-11D3-BF4B-00C04F79EFBC}") = "RestDemoMVC", "RestDemoMVC.csproj", "{7529B442-1E3B-413E-AB37-16AD6DAB1C55}"
EndProject
Global
	GlobalSection(SolutionConfigurationPlatforms) = preSolution
		Debug|Any CPU = Debug|Any CPU
		Release|Any CPU = Release|Any CPU
	EndGlobalSection
	GlobalSection(ProjectConfigurationPlatforms) = postSolution
		{7529B442-1E3B-413E-AB37-16AD6DAB1C55}.Debug|Any CPU.ActiveCfg = Debug|Any CPU
		{7529B442-1E3B-413E-AB37-16AD6DAB1C55}.Debug|Any CPU.Build.0 = Debug|Any CPU
		{7529B442-1E3B-413E-AB37-16AD6DAB1C55}.Release|Any CPU.ActiveCfg = Release|Any CPU
		{7529B442-1E3B-413E-AB37-16AD6DAB1C55}.Release|Any CPU.Build.0 = Release|Any CPU
	EndGlobalSection
	GlobalSection(SolutionProperties) = preSolution
		HideSolutionNode = FALSE
	EndGlobalSection
	GlobalSection(ExtensibilityGlobals) = postSolution
		SolutionGuid = {7251E5C2-57E3-4286-9957-94CC6EC008EA}
	EndGlobalSection
EndGlobal
